// !$*UTF8*$!
{
	archiveVersion = 1;
	classes = {
	};
	objectVersion = 50;
	objects = {

/* Begin PBXBuildFile section */
		5264CD7B2345FE7E00D33654 /* AppDelegate.swift in Sources */ = {isa = PBXBuildFile; fileRef = 5264CD7A2345FE7E00D33654 /* AppDelegate.swift */; };
		5264CD7D2345FE7E00D33654 /* ViewController.swift in Sources */ = {isa = PBXBuildFile; fileRef = 5264CD7C2345FE7E00D33654 /* ViewController.swift */; };
		5264CD802345FE7E00D33654 /* Main.storyboard in Resources */ = {isa = PBXBuildFile; fileRef = 5264CD7E2345FE7E00D33654 /* Main.storyboard */; };
		5264CD822345FE7F00D33654 /* Assets.xcassets in Resources */ = {isa = PBXBuildFile; fileRef = 5264CD812345FE7F00D33654 /* Assets.xcassets */; };
		5264CD852345FE7F00D33654 /* LaunchScreen.storyboard in Resources */ = {isa = PBXBuildFile; fileRef = 5264CD832345FE7F00D33654 /* LaunchScreen.storyboard */; };
		5264CD902345FE7F00D33654 /* UnitTestExampleTests.swift in Sources */ = {isa = PBXBuildFile; fileRef = 5264CD8F2345FE7F00D33654 /* UnitTestExampleTests.swift */; };
		5264CD9B2345FF2400D33654 /* Student.swift in Sources */ = {isa = PBXBuildFile; fileRef = 5264CD9A2345FF2400D33654 /* Student.swift */; };
		5264CD9D2346008A00D33654 /* StudentTest.swift in Sources */ = {isa = PBXBuildFile; fileRef = 5264CD9C2346008A00D33654 /* StudentTest.swift */; };
/* End PBXBuildFile section */

/* Begin PBXContainerItemProxy section */
		5264CD8C2345FE7F00D33654 /* PBXContainerItemProxy */ = {
			isa = PBXContainerItemProxy;
			containerPortal = 5264CD6F2345FE7E00D33654 /* Project object */;
			proxyType = 1;
			remoteGlobalIDString = 5264CD762345FE7E00D33654;
			remoteInfo = UnitTestExample;
		};
/* End PBXContainerItemProxy section */

/* Begin PBXFileReference section */
		5264CD772345FE7E00D33654 /* UnitTestExample.app */ = {isa = PBXFileReference; explicitFileType = wrapper.application; includeInIndex = 0; path = UnitTestExample.app; sourceTree = BUILT_PRODUCTS_DIR; };
		5264CD7A2345FE7E00D33654 /* AppDelegate.swift */ = {isa = PBXFileReference; lastKnownFileType = sourcecode.swift; path = AppDelegate.swift; sourceTree = "<group>"; };
		5264CD7C2345FE7E00D33654 /* ViewController.swift */ = {isa = PBXFileReference; lastKnownFileType = sourcecode.swift; path = ViewController.swift; sourceTree = "<group>"; };
		5264CD7F2345FE7E00D33654 /* Base */ = {isa = PBXFileReference; lastKnownFileType = file.storyboard; name = Base; path = Base.lproj/Main.storyboard; sourceTree = "<group>"; };
		5264CD812345FE7F00D33654 /* Assets.xcassets */ = {isa = PBXFileReference; lastKnownFileType = folder.assetcatalog; path = Assets.xcassets; sourceTree = "<group>"; };
		5264CD842345FE7F00D33654 /* Base */ = {isa = PBXFileReference; lastKnownFileType = file.storyboard; name = Base; path = Base.lproj/LaunchScreen.storyboard; sourceTree = "<group>"; };
		5264CD862345FE7F00D33654 /* Info.plist */ = {isa = PBXFileReference; lastKnownFileType = text.plist.xml; path = Info.plist; sourceTree = "<group>"; };
		5264CD8B2345FE7F00D33654 /* UnitTestExampleTests.xctest */ = {isa = PBXFileReference; explicitFileType = wrapper.cfbundle; includeInIndex = 0; path = UnitTestExampleTests.xctest; sourceTree = BUILT_PRODUCTS_DIR; };
		5264CD8F2345FE7F00D33654 /* UnitTestExampleTests.swift */ = {isa = PBXFileReference; lastKnownFileType = sourcecode.swift; path = UnitTestExampleTests.swift; sourceTree = "<group>"; };
		5264CD912345FE7F00D33654 /* Info.plist */ = {isa = PBXFileReference; lastKnownFileType = text.plist.xml; path = Info.plist; sourceTree = "<group>"; };
		5264CD9A2345FF2400D33654 /* Student.swift */ = {isa = PBXFileReference; lastKnownFileType = sourcecode.swift; path = Student.swift; sourceTree = "<group>"; };
		5264CD9C2346008A00D33654 /* StudentTest.swift */ = {isa = PBXFileReference; lastKnownFileType = sourcecode.swift; path = StudentTest.swift; sourceTree = "<group>"; };
/* End PBXFileReference section */

/* Begin PBXFrameworksBuildPhase section */
		5264CD742345FE7E00D33654 /* Frameworks */ = {
			isa = PBXFrameworksBuildPhase;
			buildActionMask = 2147483647;
			files = (
			);
			runOnlyForDeploymentPostprocessing = 0;
		};
		5264CD882345FE7F00D33654 /* Frameworks */ = {
			isa = PBXFrameworksBuildPhase;
			buildActionMask = 2147483647;
			files = (
			);
			runOnlyForDeploymentPostprocessing = 0;
		};
/* End PBXFrameworksBuildPhase section */

/* Begin PBXGroup section */
		5264CD6E2345FE7E00D33654 = {
			isa = PBXGroup;
			children = (
				5264CD792345FE7E00D33654 /* UnitTestExample */,
				5264CD8E2345FE7F00D33654 /* UnitTestExampleTests */,
				5264CD782345FE7E00D33654 /* Products */,
			);
			sourceTree = "<group>";
		};
		5264CD782345FE7E00D33654 /* Products */ = {
			isa = PBXGroup;
			children = (
				5264CD772345FE7E00D33654 /* UnitTestExample.app */,
				5264CD8B2345FE7F00D33654 /* UnitTestExampleTests.xctest */,
			);
			name = Products;
			sourceTree = "<group>";
		};
		5264CD792345FE7E00D33654 /* UnitTestExample */ = {
			isa = PBXGroup;
			children = (
				5264CD7A2345FE7E00D33654 /* AppDelegate.swift */,
				5264CD7C2345FE7E00D33654 /* ViewController.swift */,
				5264CD7E2345FE7E00D33654 /* Main.storyboard */,
				5264CD812345FE7F00D33654 /* Assets.xcassets */,
				5264CD832345FE7F00D33654 /* LaunchScreen.storyboard */,
				5264CD862345FE7F00D33654 /* Info.plist */,
				5264CD9A2345FF2400D33654 /* Student.swift */,
			);
			path = UnitTestExample;
			sourceTree = "<group>";
		};
		5264CD8E2345FE7F00D33654 /* UnitTestExampleTests */ = {
			isa = PBXGroup;
			children = (
				5264CD8F2345FE7F00D33654 /* UnitTestExampleTests.swift */,
				5264CD912345FE7F00D33654 /* Info.plist */,
				5264CD9C2346008A00D33654 /* StudentTest.swift */,
			);
			path = UnitTestExampleTests;
			sourceTree = "<group>";
		};
/* End PBXGroup section */

/* Begin PBXNativeTarget section */
		5264CD762345FE7E00D33654 /* UnitTestExample */ = {
			isa = PBXNativeTarget;
			buildConfigurationList = 5264CD942345FE7F00D33654 /* Build configuration list for PBXNativeTarget "UnitTestExample" */;
			buildPhases = (
				5264CD732345FE7E00D33654 /* Sources */,
				5264CD742345FE7E00D33654 /* Frameworks */,
				5264CD752345FE7E00D33654 /* Resources */,
			);
			buildRules = (
			);
			dependencies = (
			);
			name = UnitTestExample;
			productName = UnitTestExample;
			productReference = 5264CD772345FE7E00D33654 /* UnitTestExample.app */;
			productType = "com.apple.product-type.application";
		};
		5264CD8A2345FE7F00D33654 /* UnitTestExampleTests */ = {
			isa = PBXNativeTarget;
			buildConfigurationList = 5264CD972345FE7F00D33654 /* Build configuration list for PBXNativeTarget "UnitTestExampleTests" */;
			buildPhases = (
				5264CD872345FE7F00D33654 /* Sources */,
				5264CD882345FE7F00D33654 /* Frameworks */,
				5264CD892345FE7F00D33654 /* Resources */,
			);
			buildRules = (
			);
			dependencies = (
				5264CD8D2345FE7F00D33654 /* PBXTargetDependency */,
			);
			name = UnitTestExampleTests;
			productName = UnitTestExampleTests;
			productReference = 5264CD8B2345FE7F00D33654 /* UnitTestExampleTests.xctest */;
			productType = "com.apple.product-type.bundle.unit-test";
		};
/* End PBXNativeTarget section */

/* Begin PBXProject section */
		5264CD6F2345FE7E00D33654 /* Project object */ = {
			isa = PBXProject;
			attributes = {
				LastSwiftUpdateCheck = 1020;
				LastUpgradeCheck = 1020;
				ORGANIZATIONNAME = Nelson;
				TargetAttributes = {
					5264CD762345FE7E00D33654 = {
						CreatedOnToolsVersion = 10.2.1;
					};
					5264CD8A2345FE7F00D33654 = {
						CreatedOnToolsVersion = 10.2.1;
						TestTargetID = 5264CD762345FE7E00D33654;
					};
				};
			};
			buildConfigurationList = 5264CD722345FE7E00D33654 /* Build configuration list for PBXProject "UnitTestExample" */;
			compatibilityVersion = "Xcode 9.3";
			developmentRegion = en;
			hasScannedForEncodings = 0;
			knownRegions = (
				en,
				Base,
			);
			mainGroup = 5264CD6E2345FE7E00D33654;
			productRefGroup = 5264CD782345FE7E00D33654 /* Products */;
			projectDirPath = "";
			projectRoot = "";
			targets = (
				5264CD762345FE7E00D33654 /* UnitTestExample */,
				5264CD8A2345FE7F00D33654 /* UnitTestExampleTests */,
			);
		};
/* End PBXProject section */

/* Begin PBXResourcesBuildPhase section */
		5264CD752345FE7E00D33654 /* Resources */ = {
			isa = PBXResourcesBuildPhase;
			buildActionMask = 2147483647;
			files = (
				5264CD852345FE7F00D33654 /* LaunchScreen.storyboard in Resources */,
				5264CD822345FE7F00D33654 /* Assets.xcassets in Resources */,
				5264CD802345FE7E00D33654 /* Main.storyboard in Resources */,
			);
			runOnlyForDeploymentPostprocessing = 0;
		};
		5264CD892345FE7F00D33654 /* Resources */ = {
			isa = PBXResourcesBuildPhase;
			buildActionMask = 2147483647;
			files = (
			);
			runOnlyForDeploymentPostprocessing = 0;
		};
/* End PBXResourcesBuildPhase section */

/* Begin PBXSourcesBuildPhase section */
		5264CD732345FE7E00D33654 /* Sources */ = {
			isa = PBXSourcesBuildPhase;
			buildActionMask = 2147483647;
			files = (
				5264CD7D2345FE7E00D33654 /* ViewController.swift in Sources */,
				5264CD9B2345FF2400D33654 /* Student.swift in Sources */,
				5264CD7B2345FE7E00D33654 /* AppDelegate.swift in Sources */,
			);
			runOnlyForDeploymentPostprocessing = 0;
		};
		5264CD872345FE7F00D33654 /* Sources */ = {
			isa = PBXSourcesBuildPhase;
			buildActionMask = 2147483647;
			files = (
				5264CD902345FE7F00D33654 /* UnitTestExampleTests.swift in Sources */,
				5264CD9D2346008A00D33654 /* StudentTest.swift in Sources */,
			);
			runOnlyForDeploymentPostprocessing = 0;
		};
/* End PBXSourcesBuildPhase section */

/* Begin PBXTargetDependency section */
		5264CD8D2345FE7F00D33654 /* PBXTargetDependency */ = {
			isa = PBXTargetDependency;
			target = 5264CD762345FE7E00D33654 /* UnitTestExample */;
			targetProxy = 5264CD8C2345FE7F00D33654 /* PBXContainerItemProxy */;
		};
/* End PBXTargetDependency section */

/* Begin PBXVariantGroup section */
		5264CD7E2345FE7E00D33654 /* Main.storyboard */ = {
			isa = PBXVariantGroup;
			children = (
				5264CD7F2345FE7E00D33654 /* Base */,
			);
			name = Main.storyboard;
			sourceTree = "<group>";
		};
		5264CD832345FE7F00D33654 /* LaunchScreen.storyboard */ = {
			isa = PBXVariantGroup;
			children = (
				5264CD842345FE7F00D33654 /* Base */,
			);
			name = LaunchScreen.storyboard;
			sourceTree = "<group>";
		};
/* End PBXVariantGroup section */

/* Begin XCBuildConfiguration section */
		5264CD922345FE7F00D33654 /* Debug */ = {
			isa = XCBuildConfiguration;
			buildSettings = {
				ALWAYS_SEARCH_USER_PATHS = NO;
				CLANG_ANALYZER_NONNULL = YES;
				CLANG_ANALYZER_NUMBER_OBJECT_CONVERSION = YES_AGGRESSIVE;
				CLANG_CXX_LANGUAGE_STANDARD = "gnu++14";
				CLANG_CXX_LIBRARY = "libc++";
				CLANG_ENABLE_MODULES = YES;
				CLANG_ENABLE_OBJC_ARC = YES;
				CLANG_ENABLE_OBJC_WEAK = YES;
				CLANG_WARN_BLOCK_CAPTURE_AUTORELEASING = YES;
				CLANG_WARN_BOOL_CONVERSION = YES;
				CLANG_WARN_COMMA = YES;
				CLANG_WARN_CONSTANT_CONVERSION = YES;
				CLANG_WARN_DEPRECATED_OBJC_IMPLEMENTATIONS = YES;
				CLANG_WARN_DIRECT_OBJC_ISA_USAGE = YES_ERROR;
				CLANG_WARN_DOCUMENTATION_COMMENTS = YES;
				CLANG_WARN_EMPTY_BODY = YES;
				CLANG_WARN_ENUM_CONVERSION = YES;
				CLANG_WARN_INFINITE_RECURSION = YES;
				CLANG_WARN_INT_CONVERSION = YES;
				CLANG_WARN_NON_LITERAL_NULL_CONVERSION = YES;
				CLANG_WARN_OBJC_IMPLICIT_RETAIN_SELF = YES;
				CLANG_WARN_OBJC_LITERAL_CONVERSION = YES;
				CLANG_WARN_OBJC_ROOT_CLASS = YES_ERROR;
				CLANG_WARN_RANGE_LOOP_ANALYSIS = YES;
				CLANG_WARN_STRICT_PROTOTYPES = YES;
				CLANG_WARN_SUSPICIOUS_MOVE = YES;
				CLANG_WARN_UNGUARDED_AVAILABILITY = YES_AGGRESSIVE;
				CLANG_WARN_UNREACHABLE_CODE = YES;
				CLANG_WARN__DUPLICATE_METHOD_MATCH = YES;
				CODE_SIGN_IDENTITY = "iPhone Developer";
				COPY_PHASE_STRIP = NO;
				DEBUG_INFORMATION_FORMAT = dwarf;
				ENABLE_STRICT_OBJC_MSGSEND = YES;
				ENABLE_TESTABILITY = YES;
				GCC_C_LANGUAGE_STANDARD = gnu11;
				GCC_DYNAMIC_NO_PIC = NO;
				GCC_NO_COMMON_BLOCKS = YES;
				GCC_OPTIMIZATION_LEVEL = 0;
				GCC_PREPROCESSOR_DEFINITIONS = (
					"DEBUG=1",
					"$(inherited)",
				);
				GCC_WARN_64_TO_32_BIT_CONVERSION = YES;
				GCC_WARN_ABOUT_RETURN_TYPE = YES_ERROR;
				GCC_WARN_UNDECLARED_SELECTOR = YES;
				GCC_WARN_UNINITIALIZED_AUTOS = YES_AGGRESSIVE;
				GCC_WARN_UNUSED_FUNCTION = YES;
				GCC_WARN_UNUSED_VARIABLE = YES;
				IPHONEOS_DEPLOYMENT_TARGET = 12.2;
				MTL_ENABLE_DEBUG_INFO = INCLUDE_SOURCE;
				MTL_FAST_MATH = YES;
				ONLY_ACTIVE_ARCH = YES;
				SDKROOT = iphoneos;
				SWIFT_ACTIVE_COMPILATION_CONDITIONS = DEBUG;
				SWIFT_OPTIMIZATION_LEVEL = "-Onone";
			};
			name = Debug;
		};
		5264CD932345FE7F00D33654 /* Release */ = {
			isa = XCBuildConfiguration;
			buildSettings = {
				ALWAYS_SEARCH_USER_PATHS = NO;
				CLANG_ANALYZER_NONNULL = YES;
				CLANG_ANALYZER_NUMBER_OBJECT_CONVERSION = YES_AGGRESSIVE;
				CLANG_CXX_LANGUAGE_STANDARD = "gnu++14";
				CLANG_CXX_LIBRARY = "libc++";
				CLANG_ENABLE_MODULES = YES;
				CLANG_ENABLE_OBJC_ARC = YES;
				CLANG_ENABLE_OBJC_WEAK = YES;
				CLANG_WARN_BLOCK_CAPTURE_AUTORELEASING = YES;
				CLANG_WARN_BOOL_CONVERSION = YES;
				CLANG_WARN_COMMA = YES;
				CLANG_WARN_CONSTANT_CONVERSION = YES;
				CLANG_WARN_DEPRECATED_OBJC_IMPLEMENTATIONS = YES;
				CLANG_WARN_DIRECT_OBJC_ISA_USAGE = YES_ERROR;
				CLANG_WARN_DOCUMENTATION_COMMENTS = YES;
				CLANG_WARN_EMPTY_BODY = YES;
				CLANG_WARN_ENUM_CONVERSION = YES;
				CLANG_WARN_INFINITE_RECURSION = YES;
				CLANG_WARN_INT_CONVERSION = YES;
				CLANG_WARN_NON_LITERAL_NULL_CONVERSION = YES;
				CLANG_WARN_OBJC_IMPLICIT_RETAIN_SELF = YES;
				CLANG_WARN_OBJC_LITERAL_CONVERSION = YES;
				CLANG_WARN_OBJC_ROOT_CLASS = YES_ERROR;
				CLANG_WARN_RANGE_LOOP_ANALYSIS = YES;
				CLANG_WARN_STRICT_PROTOTYPES = YES;
				CLANG_WARN_SUSPICIOUS_MOVE = YES;
				CLANG_WARN_UNGUARDED_AVAILABILITY = YES_AGGRESSIVE;
				CLANG_WARN_UNREACHABLE_CODE = YES;
				CLANG_WARN__DUPLICATE_METHOD_MATCH = YES;
				CODE_SIGN_IDENTITY = "iPhone Developer";
				COPY_PHASE_STRIP = NO;
				DEBUG_INFORMATION_FORMAT = "dwarf-with-dsym";
				ENABLE_NS_ASSERTIONS = NO;
				ENABLE_STRICT_OBJC_MSGSEND = YES;
				GCC_C_LANGUAGE_STANDARD = gnu11;
				GCC_NO_COMMON_BLOCKS = YES;
				GCC_WARN_64_TO_32_BIT_CONVERSION = YES;
				GCC_WARN_ABOUT_RETURN_TYPE = YES_ERROR;
				GCC_WARN_UNDECLARED_SELECTOR = YES;
				GCC_WARN_UNINITIALIZED_AUTOS = YES_AGGRESSIVE;
				GCC_WARN_UNUSED_FUNCTION = YES;
				GCC_WARN_UNUSED_VARIABLE = YES;
				IPHONEOS_DEPLOYMENT_TARGET = 12.2;
				MTL_ENABLE_DEBUG_INFO = NO;
				MTL_FAST_MATH = YES;
				SDKROOT = iphoneos;
				SWIFT_COMPILATION_MODE = wholemodule;
				SWIFT_OPTIMIZATION_LEVEL = "-O";
				VALIDATE_PRODUCT = YES;
			};
			name = Release;
		};
		5264CD952345FE7F00D33654 /* Debug */ = {
			isa = XCBuildConfiguration;
			buildSettings = {
				ASSETCATALOG_COMPILER_APPICON_NAME = AppIcon;
				CODE_SIGN_STYLE = Automatic;
				DEVELOPMENT_TEAM = 3RLYBTX68A;
				INFOPLIST_FILE = UnitTestExample/Info.plist;
				LD_RUNPATH_SEARCH_PATHS = (
					"$(inherited)",
					"@executable_path/Frameworks",
				);
				PRODUCT_BUNDLE_IDENTIFIER = com.iosdevnelson.UnitTestExample;
				PRODUCT_NAME = "$(TARGET_NAME)";
				SWIFT_VERSION = 5.0;
				TARGETED_DEVICE_FAMILY = "1,2";
			};
			name = Debug;
		};
		5264CD962345FE7F00D33654 /* Release */ = {
			isa = XCBuildConfiguration;
			buildSettings = {
				ASSETCATALOG_COMPILER_APPICON_NAME = AppIcon;
				CODE_SIGN_STYLE = Automatic;
				DEVELOPMENT_TEAM = 3RLYBTX68A;
				INFOPLIST_FILE = UnitTestExample/Info.plist;
				LD_RUNPATH_SEARCH_PATHS = (
					"$(inherited)",
					"@executable_path/Frameworks",
				);
				PRODUCT_BUNDLE_IDENTIFIER = com.iosdevnelson.UnitTestExample;
				PRODUCT_NAME = "$(TARGET_NAME)";
				SWIFT_VERSION = 5.0;
				TARGETED_DEVICE_FAMILY = "1,2";
			};
			name = Release;
		};
		5264CD982345FE7F00D33654 /* Debug */ = {
			isa = XCBuildConfiguration;
			buildSettings = {
				ALWAYS_EMBED_SWIFT_STANDARD_LIBRARIES = YES;
				BUNDLE_LOADER = "$(TEST_HOST)";
				CODE_SIGN_STYLE = Automatic;
				DEVELOPMENT_TEAM = 3RLYBTX68A;
				INFOPLIST_FILE = UnitTestExampleTests/Info.plist;
				LD_RUNPATH_SEARCH_PATHS = (
					"$(inherited)",
					"@executable_path/Frameworks",
					"@loader_path/Frameworks",
				);
				PRODUCT_BUNDLE_IDENTIFIER = com.iosdevnelson.UnitTestExampleTests;
				PRODUCT_NAME = "$(TARGET_NAME)";
				SWIFT_VERSION = 5.0;
				TARGETED_DEVICE_FAMILY = "1,2";
				TEST_HOST = "$(BUILT_PRODUCTS_DIR)/UnitTestExample.app/UnitTestExample";
			};
			name = Debug;
		};
		5264CD992345FE7F00D33654 /* Release */ = {
			isa = XCBuildConfiguration;
			buildSettings = {
				ALWAYS_EMBED_SWIFT_STANDARD_LIBRARIES = YES;
				BUNDLE_LOADER = "$(TEST_HOST)";
				CODE_SIGN_STYLE = Automatic;
				DEVELOPMENT_TEAM = 3RLYBTX68A;
				INFOPLIST_FILE = UnitTestExampleTests/Info.plist;
				LD_RUNPATH_SEARCH_PATHS = (
					"$(inherited)",
					"@executable_path/Frameworks",
					"@loader_path/Frameworks",
				);
				PRODUCT_BUNDLE_IDENTIFIER = com.iosdevnelson.UnitTestExampleTests;
				PRODUCT_NAME = "$(TARGET_NAME)";
				SWIFT_VERSION = 5.0;
				TARGETED_DEVICE_FAMILY = "1,2";
				TEST_HOST = "$(BUILT_PRODUCTS_DIR)/UnitTestExample.app/UnitTestExample";
			};
			name = Release;
		};
/* End XCBuildConfiguration section */

/* Begin XCConfigurationList section */
		5264CD722345FE7E00D33654 /* Build configuration list for PBXProject "UnitTestExample" */ = {
			isa = XCConfigurationList;
			buildConfigurations = (
				5264CD922345FE7F00D33654 /* Debug */,
				5264CD932345FE7F00D33654 /* Release */,
			);
			defaultConfigurationIsVisible = 0;
			defaultConfigurationName = Release;
		};
		5264CD942345FE7F00D33654 /* Build configuration list for PBXNativeTarget "UnitTestExample" */ = {
			isa = XCConfigurationList;
			buildConfigurations = (
				5264CD952345FE7F00D33654 /* Debug */,
				5264CD962345FE7F00D33654 /* Release */,
			);
			defaultConfigurationIsVisible = 0;
			defaultConfigurationName = Release;
		};
		5264CD972345FE7F00D33654 /* Build configuration list for PBXNativeTarget "UnitTestExampleTests" */ = {
			isa = XCConfigurationList;
			buildConfigurations = (
				5264CD982345FE7F00D33654 /* Debug */,
				5264CD992345FE7F00D33654 /* Release */,
			);
			defaultConfigurationIsVisible = 0;
			defaultConfigurationName = Release;
		};
/* End XCConfigurationList section */
	};
	rootObject = 5264CD6F2345FE7E00D33654 /* Project object */;
}
